
Microsoft Visual Studio Solution File, Format Version 12.00
# Visual Studio Version 17
VisualStudioVersion = 17.5.33414.496
MinimumVisualStudioVersion = 10.0.40219.1
Project("{FAE04EC0-301F-11D3-BF4B-00C04F79EFBC}") = "BertQA", "BertQA\BertQA.csproj", "{C1C0E435-87FC-491E-8916-9E7C32636B84}"
EndProject
Project("{FAE04EC0-301F-11D3-BF4B-00C04F79EFBC}") = "NuGetQA", "NuGetQA\NuGetQA.csproj", "{E696605B-C75C-480E-A26F-5285153DD99F}"
EndProject
Global
	GlobalSection(SolutionConfigurationPlatforms) = preSolution
		Debug|Any CPU = Debug|Any CPU
		Release|Any CPU = Release|Any CPU
	EndGlobalSection
	GlobalSection(ProjectConfigurationPlatforms) = postSolution
		{C1C0E435-87FC-491E-8916-9E7C32636B84}.Debug|Any CPU.ActiveCfg = Debug|Any CPU
		{C1C0E435-87FC-491E-8916-9E7C32636B84}.Debug|Any CPU.Build.0 = Debug|Any CPU
		{C1C0E435-87FC-491E-8916-9E7C32636B84}.Release|Any CPU.ActiveCfg = Release|Any CPU
		{C1C0E435-87FC-491E-8916-9E7C32636B84}.Release|Any CPU.Build.0 = Release|Any CPU
		{E696605B-C75C-480E-A26F-5285153DD99F}.Debug|Any CPU.ActiveCfg = Debug|Any CPU
		{E696605B-C75C-480E-A26F-5285153DD99F}.Debug|Any CPU.Build.0 = Debug|Any CPU
		{E696605B-C75C-480E-A26F-5285153DD99F}.Release|Any CPU.ActiveCfg = Release|Any CPU
		{E696605B-C75C-480E-A26F-5285153DD99F}.Release|Any CPU.Build.0 = Release|Any CPU
	EndGlobalSection
	GlobalSection(SolutionProperties) = preSolution
		HideSolutionNode = FALSE
	EndGlobalSection
	GlobalSection(ExtensibilityGlobals) = postSolution
		SolutionGuid = {187C276D-98D3-4CA7-BEF4-A61D21326D90}
	EndGlobalSection
EndGlobal
