
Microsoft Visual Studio Solution File, Format Version 12.00
# Visual Studio Version 17
VisualStudioVersion = 17.8.34322.80
MinimumVisualStudioVersion = 10.0.40219.1
Project("{9A19103F-16F7-4668-BE54-9A1E7A4F7556}") = "Server", "Server\Server.csproj", "{100B7F5F-D4A0-413B-A8A5-0E06FCC08DD8}"
EndProject
Project("{2150E333-8FDC-42A3-9474-1A3956D46DE8}") = "ClientHtml", "ClientHtml", "{8D8492F0-AA3C-4F24-87BC-2D65882F6505}"
	ProjectSection(SolutionItems) = preProject
		questions.html = questions.html
	EndProjectSection
EndProject
Project("{9A19103F-16F7-4668-BE54-9A1E7A4F7556}") = "NuGetQA", "..\Lab1\NuGetQA\NuGetQA.csproj", "{C2D3A77B-97C1-433F-BFC6-ABDC76383A30}"
EndProject
Project("{FAE04EC0-301F-11D3-BF4B-00C04F79EFBC}") = "Tests", "Tests\Tests.csproj", "{242C626C-1B3B-4382-8895-CE9C6BB49102}"
EndProject
Global
	GlobalSection(SolutionConfigurationPlatforms) = preSolution
		Debug|Any CPU = Debug|Any CPU
		Release|Any CPU = Release|Any CPU
	EndGlobalSection
	GlobalSection(ProjectConfigurationPlatforms) = postSolution
		{100B7F5F-D4A0-413B-A8A5-0E06FCC08DD8}.Debug|Any CPU.ActiveCfg = Debug|Any CPU
		{100B7F5F-D4A0-413B-A8A5-0E06FCC08DD8}.Debug|Any CPU.Build.0 = Debug|Any CPU
		{100B7F5F-D4A0-413B-A8A5-0E06FCC08DD8}.Release|Any CPU.ActiveCfg = Release|Any CPU
		{100B7F5F-D4A0-413B-A8A5-0E06FCC08DD8}.Release|Any CPU.Build.0 = Release|Any CPU
		{C2D3A77B-97C1-433F-BFC6-ABDC76383A30}.Debug|Any CPU.ActiveCfg = Debug|Any CPU
		{C2D3A77B-97C1-433F-BFC6-ABDC76383A30}.Debug|Any CPU.Build.0 = Debug|Any CPU
		{C2D3A77B-97C1-433F-BFC6-ABDC76383A30}.Release|Any CPU.ActiveCfg = Release|Any CPU
		{C2D3A77B-97C1-433F-BFC6-ABDC76383A30}.Release|Any CPU.Build.0 = Release|Any CPU
		{242C626C-1B3B-4382-8895-CE9C6BB49102}.Debug|Any CPU.ActiveCfg = Debug|Any CPU
		{242C626C-1B3B-4382-8895-CE9C6BB49102}.Debug|Any CPU.Build.0 = Debug|Any CPU
		{242C626C-1B3B-4382-8895-CE9C6BB49102}.Release|Any CPU.ActiveCfg = Release|Any CPU
		{242C626C-1B3B-4382-8895-CE9C6BB49102}.Release|Any CPU.Build.0 = Release|Any CPU
	EndGlobalSection
	GlobalSection(SolutionProperties) = preSolution
		HideSolutionNode = FALSE
	EndGlobalSection
	GlobalSection(ExtensibilityGlobals) = postSolution
		SolutionGuid = {E2C3A095-92E8-42F5-AD53-EA131191D804}
	EndGlobalSection
EndGlobal
